
Microsoft Visual Studio Solution File, Format Version 12.00
# Visual Studio Version 16
VisualStudioVersion = 16.0.30011.22
MinimumVisualStudioVersion = 10.0.40219.1
Project("{FAE04EC0-301F-11D3-BF4B-00C04F79EFBC}") = "QuizAppLabb4", "QuizAppLabb4\QuizAppLabb4.csproj", "{EBF3063D-BA8B-4DC0-896C-84CAE47E621A}"
EndProject
Global
	GlobalSection(SolutionConfigurationPlatforms) = preSolution
		Debug|Any CPU = Debug|Any CPU
		Release|Any CPU = Release|Any CPU
	EndGlobalSection
	GlobalSection(ProjectConfigurationPlatforms) = postSolution
		{EBF3063D-BA8B-4DC0-896C-84CAE47E621A}.Debug|Any CPU.ActiveCfg = Debug|Any CPU
		{EBF3063D-BA8B-4DC0-896C-84CAE47E621A}.Debug|Any CPU.Build.0 = Debug|Any CPU
		{EBF3063D-BA8B-4DC0-896C-84CAE47E621A}.Release|Any CPU.ActiveCfg = Release|Any CPU
		{EBF3063D-BA8B-4DC0-896C-84CAE47E621A}.Release|Any CPU.Build.0 = Release|Any CPU
	EndGlobalSection
	GlobalSection(SolutionProperties) = preSolution
		HideSolutionNode = FALSE
	EndGlobalSection
	GlobalSection(ExtensibilityGlobals) = postSolution
		SolutionGuid = {B0076F3C-BA8F-4F8F-8A30-F7AE85D99809}
	EndGlobalSection
EndGlobal
